
Microsoft Visual Studio Solution File, Format Version 12.00
# Visual Studio 15
VisualStudioVersion = 15.0.27428.2005
MinimumVisualStudioVersion = 10.0.40219.1
Project("{FAE04EC0-301F-11D3-BF4B-00C04F79EFBC}") = "Events", "WebApplication2\Events.csproj", "{05571A51-DC14-40DA-80D1-90BC3362A558}"
EndProject
Global
	GlobalSection(SolutionConfigurationPlatforms) = preSolution
		Debug|Any CPU = Debug|Any CPU
		Release|Any CPU = Release|Any CPU
	EndGlobalSection
	GlobalSection(ProjectConfigurationPlatforms) = postSolution
		{05571A51-DC14-40DA-80D1-90BC3362A558}.Debug|Any CPU.ActiveCfg = Debug|Any CPU
		{05571A51-DC14-40DA-80D1-90BC3362A558}.Debug|Any CPU.Build.0 = Debug|Any CPU
		{05571A51-DC14-40DA-80D1-90BC3362A558}.Release|Any CPU.ActiveCfg = Release|Any CPU
		{05571A51-DC14-40DA-80D1-90BC3362A558}.Release|Any CPU.Build.0 = Release|Any CPU
	EndGlobalSection
	GlobalSection(SolutionProperties) = preSolution
		HideSolutionNode = FALSE
	EndGlobalSection
	GlobalSection(ExtensibilityGlobals) = postSolution
		SolutionGuid = {7CE419D4-4CBE-490E-B269-3A59558BF083}
	EndGlobalSection
EndGlobal
